// !$*UTF8*$!
{
	archiveVersion = 1;
	classes = {};
	objectVersion = 56;
	objects = {

/* Begin PBXBuildFile section */
		A00000000000000000000001 /* FFPNGApp.swift in Sources */ = {isa = PBXBuildFile; fileRef = A00000000000000000000011 /* FFPNGApp.swift */; };
		A00000000000000000000004 /* AppModel.swift in Sources */ = {isa = PBXBuildFile; fileRef = A00000000000000000000013 /* AppModel.swift */; };
		A00000000000000000000005 /* OutputPolicy.swift in Sources */ = {isa = PBXBuildFile; fileRef = A00000000000000000000014 /* OutputPolicy.swift */; };
		A00000000000000000000006 /* CompressionTask.swift in Sources */ = {isa = PBXBuildFile; fileRef = A00000000000000000000015 /* CompressionTask.swift */; };
		A00000000000000000000007 /* FileDiscovery.swift in Sources */ = {isa = PBXBuildFile; fileRef = A00000000000000000000016 /* FileDiscovery.swift */; };
		A00000000000000000000002 /* FFPNGTests.swift in Sources */ = {isa = PBXBuildFile; fileRef = A00000000000000000000012 /* FFPNGTests.swift */; };
		A00000000000000000000008 /* OutputPolicyTests.swift in Sources */ = {isa = PBXBuildFile; fileRef = A00000000000000000000017 /* OutputPolicyTests.swift */; };
		A00000000000000000000009 /* FileDiscoveryTests.swift in Sources */ = {isa = PBXBuildFile; fileRef = A00000000000000000000018 /* FileDiscoveryTests.swift */; };
		A0000000000000000000000A /* ImageCompressor.swift in Sources */ = {isa = PBXBuildFile; fileRef = A00000000000000000000019 /* ImageCompressor.swift */; };
		A0000000000000000000000B /* CompressionQueue.swift in Sources */ = {isa = PBXBuildFile; fileRef = A0000000000000000000001A /* CompressionQueue.swift */; };
		A0000000000000000000000C /* CompressionQueueTests.swift in Sources */ = {isa = PBXBuildFile; fileRef = A0000000000000000000001B /* CompressionQueueTests.swift */; };
		A0000000000000000000000D /* OxipngCompressor.swift in Sources */ = {isa = PBXBuildFile; fileRef = A0000000000000000000001C /* OxipngCompressor.swift */; };
		A0000000000000000000000E /* OxipngCompressorTests.swift in Sources */ = {isa = PBXBuildFile; fileRef = A0000000000000000000001D /* OxipngCompressorTests.swift */; };
		A0000000000000000000000F /* oxipng in Resources */ = {isa = PBXBuildFile; fileRef = A0000000000000000000001E /* oxipng */; };
		A00000000000000000000010 /* KeychainStoreTests.swift in Sources */ = {isa = PBXBuildFile; fileRef = A0000000000000000000001F /* KeychainStoreTests.swift */; };
		A00000000000000000000020 /* TinifyCompressorTests.swift in Sources */ = {isa = PBXBuildFile; fileRef = A00000000000000000000023 /* TinifyCompressorTests.swift */; };
		A00000000000000000000024 /* KeychainStore.swift in Sources */ = {isa = PBXBuildFile; fileRef = A00000000000000000000025 /* KeychainStore.swift */; };
		A00000000000000000000026 /* TinifyCompressor.swift in Sources */ = {isa = PBXBuildFile; fileRef = A00000000000000000000027 /* TinifyCompressor.swift */; };
		A00000000000000000000028 /* MainWindowView.swift in Sources */ = {isa = PBXBuildFile; fileRef = A00000000000000000000029 /* MainWindowView.swift */; };
		A0000000000000000000002A /* SettingsDrawerView.swift in Sources */ = {isa = PBXBuildFile; fileRef = A0000000000000000000002B /* SettingsDrawerView.swift */; };
		A0000000000000000000002C /* TaskRowView.swift in Sources */ = {isa = PBXBuildFile; fileRef = A0000000000000000000002D /* TaskRowView.swift */; };
		A0000000000000000000002E /* Assets.xcassets in Resources */ = {isa = PBXBuildFile; fileRef = A0000000000000000000002F /* Assets.xcassets */; };
		A00000000000000000000030 /* FFPNGUITests.swift in Sources */ = {isa = PBXBuildFile; fileRef = A00000000000000000000032 /* FFPNGUITests.swift */; };
		A00000000000000000000035 /* AppIcon.icns in Resources */ = {isa = PBXBuildFile; fileRef = A00000000000000000000036 /* AppIcon.icns */; };
		A00000000000000000000003 /* FFPNG.app in Frameworks */ = {isa = PBXBuildFile; fileRef = A00000000000000000000021 /* FFPNG.app */; };
		B00000000000000000000001 /* PngquantCompressorTests.swift in Sources */ = {isa = PBXBuildFile; fileRef = B00000000000000000000011 /* PngquantCompressorTests.swift */; };
		B00000000000000000000002 /* MozJPEGCompressorTests.swift in Sources */ = {isa = PBXBuildFile; fileRef = B00000000000000000000012 /* MozJPEGCompressorTests.swift */; };
		B00000000000000000000003 /* PngquantCompressor.swift in Sources */ = {isa = PBXBuildFile; fileRef = B00000000000000000000013 /* PngquantCompressor.swift */; };
		B00000000000000000000004 /* MozJPEGCompressor.swift in Sources */ = {isa = PBXBuildFile; fileRef = B00000000000000000000014 /* MozJPEGCompressor.swift */; };
		B00000000000000000000005 /* pngquant in Resources */ = {isa = PBXBuildFile; fileRef = B00000000000000000000015 /* pngquant */; };
		B00000000000000000000006 /* mozjpeg in Resources */ = {isa = PBXBuildFile; fileRef = B00000000000000000000016 /* mozjpeg */; };
/* End PBXBuildFile section */

/* Begin PBXContainerItemProxy section */
		A00000000000000000000031 /* PBXContainerItemProxy */ = {
			isa = PBXContainerItemProxy;
			containerPortal = A00000000000000000000041 /* Project object */;
			proxyType = 1;
			remoteGlobalIDString = A00000000000000000000051;
			remoteInfo = FFPNG;
		};
		A00000000000000000000033 /* PBXContainerItemProxy */ = {
			isa = PBXContainerItemProxy;
			containerPortal = A00000000000000000000041 /* Project object */;
			proxyType = 1;
			remoteGlobalIDString = A00000000000000000000051;
			remoteInfo = FFPNG;
		};
/* End PBXContainerItemProxy section */

/* Begin PBXFileReference section */
		A00000000000000000000011 /* FFPNGApp.swift */ = {isa = PBXFileReference; lastKnownFileType = sourcecode.swift; path = FFPNGApp.swift; sourceTree = "<group>"; };
		A00000000000000000000012 /* FFPNGTests.swift */ = {isa = PBXFileReference; lastKnownFileType = sourcecode.swift; path = FFPNGTests.swift; sourceTree = "<group>"; };
		A00000000000000000000013 /* AppModel.swift */ = {isa = PBXFileReference; lastKnownFileType = sourcecode.swift; path = AppModel.swift; sourceTree = "<group>"; };
		A00000000000000000000014 /* OutputPolicy.swift */ = {isa = PBXFileReference; lastKnownFileType = sourcecode.swift; path = OutputPolicy.swift; sourceTree = "<group>"; };
		A00000000000000000000015 /* CompressionTask.swift */ = {isa = PBXFileReference; lastKnownFileType = sourcecode.swift; path = CompressionTask.swift; sourceTree = "<group>"; };
		A00000000000000000000016 /* FileDiscovery.swift */ = {isa = PBXFileReference; lastKnownFileType = sourcecode.swift; path = FileDiscovery.swift; sourceTree = "<group>"; };
		A00000000000000000000017 /* OutputPolicyTests.swift */ = {isa = PBXFileReference; lastKnownFileType = sourcecode.swift; path = OutputPolicyTests.swift; sourceTree = "<group>"; };
		A00000000000000000000018 /* FileDiscoveryTests.swift */ = {isa = PBXFileReference; lastKnownFileType = sourcecode.swift; path = FileDiscoveryTests.swift; sourceTree = "<group>"; };
		A00000000000000000000019 /* ImageCompressor.swift */ = {isa = PBXFileReference; lastKnownFileType = sourcecode.swift; path = ImageCompressor.swift; sourceTree = "<group>"; };
		A0000000000000000000001A /* CompressionQueue.swift */ = {isa = PBXFileReference; lastKnownFileType = sourcecode.swift; path = CompressionQueue.swift; sourceTree = "<group>"; };
		A0000000000000000000001B /* CompressionQueueTests.swift */ = {isa = PBXFileReference; lastKnownFileType = sourcecode.swift; path = CompressionQueueTests.swift; sourceTree = "<group>"; };
		A0000000000000000000001C /* OxipngCompressor.swift */ = {isa = PBXFileReference; lastKnownFileType = sourcecode.swift; path = OxipngCompressor.swift; sourceTree = "<group>"; };
		A0000000000000000000001D /* OxipngCompressorTests.swift */ = {isa = PBXFileReference; lastKnownFileType = sourcecode.swift; path = OxipngCompressorTests.swift; sourceTree = "<group>"; };
		A0000000000000000000001E /* oxipng */ = {isa = PBXFileReference; lastKnownFileType = folder; path = Resources/oxipng; sourceTree = "<group>"; };
		A0000000000000000000001F /* KeychainStoreTests.swift */ = {isa = PBXFileReference; lastKnownFileType = sourcecode.swift; path = KeychainStoreTests.swift; sourceTree = "<group>"; };
		A00000000000000000000023 /* TinifyCompressorTests.swift */ = {isa = PBXFileReference; lastKnownFileType = sourcecode.swift; path = TinifyCompressorTests.swift; sourceTree = "<group>"; };
		A00000000000000000000025 /* KeychainStore.swift */ = {isa = PBXFileReference; lastKnownFileType = sourcecode.swift; path = KeychainStore.swift; sourceTree = "<group>"; };
		A00000000000000000000027 /* TinifyCompressor.swift */ = {isa = PBXFileReference; lastKnownFileType = sourcecode.swift; path = TinifyCompressor.swift; sourceTree = "<group>"; };
		A00000000000000000000029 /* MainWindowView.swift */ = {isa = PBXFileReference; lastKnownFileType = sourcecode.swift; path = MainWindowView.swift; sourceTree = "<group>"; };
		A0000000000000000000002B /* SettingsDrawerView.swift */ = {isa = PBXFileReference; lastKnownFileType = sourcecode.swift; path = SettingsDrawerView.swift; sourceTree = "<group>"; };
		A0000000000000000000002D /* TaskRowView.swift */ = {isa = PBXFileReference; lastKnownFileType = sourcecode.swift; path = TaskRowView.swift; sourceTree = "<group>"; };
		A0000000000000000000002F /* Assets.xcassets */ = {isa = PBXFileReference; lastKnownFileType = folder.assetcatalog; path = Resources/Assets.xcassets; sourceTree = "<group>"; };
		A00000000000000000000032 /* FFPNGUITests.swift */ = {isa = PBXFileReference; lastKnownFileType = sourcecode.swift; path = FFPNGUITests.swift; sourceTree = "<group>"; };
		A00000000000000000000036 /* AppIcon.icns */ = {isa = PBXFileReference; lastKnownFileType = image.icns; path = Resources/AppIcon.icns; sourceTree = "<group>"; };
		A00000000000000000000021 /* FFPNG.app */ = {isa = PBXFileReference; explicitFileType = wrapper.application; includeInIndex = 0; path = FFPNG.app; sourceTree = BUILT_PRODUCTS_DIR; };
		A00000000000000000000022 /* FFPNGTests.xctest */ = {isa = PBXFileReference; explicitFileType = wrapper.cfbundle; includeInIndex = 0; path = FFPNGTests.xctest; sourceTree = BUILT_PRODUCTS_DIR; };
		A00000000000000000000034 /* FFPNGUITests.xctest */ = {isa = PBXFileReference; explicitFileType = wrapper.cfbundle; includeInIndex = 0; path = FFPNGUITests.xctest; sourceTree = BUILT_PRODUCTS_DIR; };
		B00000000000000000000011 /* PngquantCompressorTests.swift */ = {isa = PBXFileReference; lastKnownFileType = sourcecode.swift; path = PngquantCompressorTests.swift; sourceTree = "<group>"; };
		B00000000000000000000012 /* MozJPEGCompressorTests.swift */ = {isa = PBXFileReference; lastKnownFileType = sourcecode.swift; path = MozJPEGCompressorTests.swift; sourceTree = "<group>"; };
		B00000000000000000000013 /* PngquantCompressor.swift */ = {isa = PBXFileReference; lastKnownFileType = sourcecode.swift; path = PngquantCompressor.swift; sourceTree = "<group>"; };
		B00000000000000000000014 /* MozJPEGCompressor.swift */ = {isa = PBXFileReference; lastKnownFileType = sourcecode.swift; path = MozJPEGCompressor.swift; sourceTree = "<group>"; };
		B00000000000000000000015 /* pngquant */ = {isa = PBXFileReference; lastKnownFileType = folder; path = Resources/pngquant; sourceTree = "<group>"; };
		B00000000000000000000016 /* mozjpeg */ = {isa = PBXFileReference; lastKnownFileType = folder; path = Resources/mozjpeg; sourceTree = "<group>"; };
/* End PBXFileReference section */

/* Begin PBXFrameworksBuildPhase section */
		A00000000000000000000061 /* Frameworks */ = {isa = PBXFrameworksBuildPhase; buildActionMask = 2147483647; files = (); runOnlyForDeploymentPostprocessing = 0; };
		A00000000000000000000062 /* Frameworks */ = {isa = PBXFrameworksBuildPhase; buildActionMask = 2147483647; files = (A00000000000000000000003 /* FFPNG.app in Frameworks */,); runOnlyForDeploymentPostprocessing = 0; };
		A00000000000000000000063 /* Frameworks */ = {isa = PBXFrameworksBuildPhase; buildActionMask = 2147483647; files = (); runOnlyForDeploymentPostprocessing = 0; };
/* End PBXFrameworksBuildPhase section */

/* Begin PBXResourcesBuildPhase section */
		A00000000000000000000093 /* Resources */ = {isa = PBXResourcesBuildPhase; buildActionMask = 2147483647; files = (A0000000000000000000000F /* oxipng in Resources */, B00000000000000000000005 /* pngquant in Resources */, B00000000000000000000006 /* mozjpeg in Resources */, A0000000000000000000002E /* Assets.xcassets in Resources */, A00000000000000000000035 /* AppIcon.icns in Resources */,); runOnlyForDeploymentPostprocessing = 0; };
/* End PBXResourcesBuildPhase section */

/* Begin PBXGroup section */
		A00000000000000000000071 = {
			isa = PBXGroup;
			children = (A00000000000000000000072 /* FFPNG */, A00000000000000000000073 /* FFPNGTests */, A00000000000000000000079 /* FFPNGUITests */, A00000000000000000000074 /* Products */);
			sourceTree = "<group>";
		};
		A00000000000000000000072 /* FFPNG */ = {isa = PBXGroup; children = (A00000000000000000000075 /* App */, A00000000000000000000076 /* Domain */, A00000000000000000000077 /* Services */, A00000000000000000000078 /* Views */, A0000000000000000000002F /* Assets.xcassets */, A0000000000000000000001E /* oxipng */, B00000000000000000000015 /* pngquant */, B00000000000000000000016 /* mozjpeg */, A00000000000000000000036 /* AppIcon.icns */,); path = FFPNG; sourceTree = "<group>"; };
		A00000000000000000000073 /* FFPNGTests */ = {isa = PBXGroup; children = (A00000000000000000000012 /* FFPNGTests.swift */, A00000000000000000000017 /* OutputPolicyTests.swift */, A00000000000000000000018 /* FileDiscoveryTests.swift */, A0000000000000000000001B /* CompressionQueueTests.swift */, A0000000000000000000001D /* OxipngCompressorTests.swift */, A0000000000000000000001F /* KeychainStoreTests.swift */, A00000000000000000000023 /* TinifyCompressorTests.swift */, B00000000000000000000011 /* PngquantCompressorTests.swift */, B00000000000000000000012 /* MozJPEGCompressorTests.swift */,); path = FFPNGTests; sourceTree = "<group>"; };
		A00000000000000000000074 /* Products */ = {isa = PBXGroup; children = (A00000000000000000000021 /* FFPNG.app */, A00000000000000000000022 /* FFPNGTests.xctest */, A00000000000000000000034 /* FFPNGUITests.xctest */); name = Products; sourceTree = "<group>"; };
		A00000000000000000000075 /* App */ = {isa = PBXGroup; children = (A00000000000000000000011 /* FFPNGApp.swift */, A00000000000000000000013 /* AppModel.swift */,); path = App; sourceTree = "<group>"; };
		A00000000000000000000076 /* Domain */ = {isa = PBXGroup; children = (A00000000000000000000014 /* OutputPolicy.swift */, A00000000000000000000015 /* CompressionTask.swift */,); path = Domain; sourceTree = "<group>"; };
		A00000000000000000000077 /* Services */ = {isa = PBXGroup; children = (A00000000000000000000016 /* FileDiscovery.swift */, A00000000000000000000019 /* ImageCompressor.swift */, A0000000000000000000001A /* CompressionQueue.swift */, A0000000000000000000001C /* OxipngCompressor.swift */, B00000000000000000000013 /* PngquantCompressor.swift */, B00000000000000000000014 /* MozJPEGCompressor.swift */, A00000000000000000000025 /* KeychainStore.swift */, A00000000000000000000027 /* TinifyCompressor.swift */,); path = Services; sourceTree = "<group>"; };
		A00000000000000000000078 /* Views */ = {isa = PBXGroup; children = (A00000000000000000000029 /* MainWindowView.swift */, A0000000000000000000002B /* SettingsDrawerView.swift */, A0000000000000000000002D /* TaskRowView.swift */,); path = Views; sourceTree = "<group>"; };
		A00000000000000000000079 /* FFPNGUITests */ = {isa = PBXGroup; children = (A00000000000000000000032 /* FFPNGUITests.swift */,); path = FFPNGUITests; sourceTree = "<group>"; };
/* End PBXGroup section */

/* Begin PBXNativeTarget section */
		A00000000000000000000051 /* FFPNG */ = {
			isa = PBXNativeTarget;
			buildConfigurationList = A00000000000000000000081 /* Build configuration list for PBXNativeTarget \"FFPNG\" */;
			buildPhases = (A00000000000000000000061 /* Frameworks */, A00000000000000000000091 /* Sources */, A00000000000000000000093 /* Resources */);
			buildRules = ();
			dependencies = ();
			name = FFPNG;
			productName = FFPNG;
			productReference = A00000000000000000000021 /* FFPNG.app */;
			productType = "com.apple.product-type.application";
		};
		A00000000000000000000052 /* FFPNGTests */ = {
			isa = PBXNativeTarget;
			buildConfigurationList = A00000000000000000000082 /* Build configuration list for PBXNativeTarget \"FFPNGTests\" */;
			buildPhases = (A00000000000000000000062 /* Frameworks */, A00000000000000000000092 /* Sources */);
			buildRules = ();
			dependencies = (A000000000000000000000A1 /* PBXTargetDependency */);
			name = FFPNGTests;
			productName = FFPNGTests;
			productReference = A00000000000000000000022 /* FFPNGTests.xctest */;
			productType = "com.apple.product-type.bundle.unit-test";
		};
		A00000000000000000000053 /* FFPNGUITests */ = {
			isa = PBXNativeTarget;
			buildConfigurationList = A00000000000000000000083 /* Build configuration list for PBXNativeTarget "FFPNGUITests" */;
			buildPhases = (A00000000000000000000063 /* Frameworks */, A00000000000000000000094 /* Sources */);
			buildRules = ();
			dependencies = (A000000000000000000000A2 /* PBXTargetDependency */);
			name = FFPNGUITests;
			productName = FFPNGUITests;
			productReference = A00000000000000000000034 /* FFPNGUITests.xctest */;
			productType = "com.apple.product-type.bundle.ui-testing";
		};
/* End PBXNativeTarget section */

/* Begin PBXProject section */
		A00000000000000000000041 /* Project object */ = {
			isa = PBXProject;
			attributes = { BuildIndependentTargetsInParallel = YES; LastSwiftUpdateCheck = 1520; LastUpgradeCheck = 1520; TargetAttributes = { A00000000000000000000051 = { CreatedOnToolsVersion = 15.2; }; A00000000000000000000052 = { CreatedOnToolsVersion = 15.2; TestTargetID = A00000000000000000000051; }; A00000000000000000000053 = { CreatedOnToolsVersion = 15.2; TestTargetID = A00000000000000000000051; }; }; };
			buildConfigurationList = A00000000000000000000080 /* Build configuration list for PBXProject \"FFPNG\" */;
			compatibilityVersion = "Xcode 14.0";
			developmentRegion = en;
			hasScannedForEncodings = 0;
			knownRegions = (en, Base);
			mainGroup = A00000000000000000000071;
			productRefGroup = A00000000000000000000074 /* Products */;
			projectDirPath = "";
			projectRoot = "";
			targets = (A00000000000000000000051 /* FFPNG */, A00000000000000000000052 /* FFPNGTests */, A00000000000000000000053 /* FFPNGUITests */);
		};
/* End PBXProject section */

/* Begin PBXSourcesBuildPhase section */
		A00000000000000000000091 /* Sources */ = {isa = PBXSourcesBuildPhase; buildActionMask = 2147483647; files = (A00000000000000000000001 /* FFPNGApp.swift in Sources */, A00000000000000000000004 /* AppModel.swift in Sources */, A00000000000000000000005 /* OutputPolicy.swift in Sources */, A00000000000000000000006 /* CompressionTask.swift in Sources */, A00000000000000000000007 /* FileDiscovery.swift in Sources */, A0000000000000000000000A /* ImageCompressor.swift in Sources */, A0000000000000000000000B /* CompressionQueue.swift in Sources */, A0000000000000000000000D /* OxipngCompressor.swift in Sources */, B00000000000000000000003 /* PngquantCompressor.swift in Sources */, B00000000000000000000004 /* MozJPEGCompressor.swift in Sources */, A00000000000000000000024 /* KeychainStore.swift in Sources */, A00000000000000000000026 /* TinifyCompressor.swift in Sources */, A00000000000000000000028 /* MainWindowView.swift in Sources */, A0000000000000000000002A /* SettingsDrawerView.swift in Sources */, A0000000000000000000002C /* TaskRowView.swift in Sources */,); runOnlyForDeploymentPostprocessing = 0; };
		A00000000000000000000092 /* Sources */ = {isa = PBXSourcesBuildPhase; buildActionMask = 2147483647; files = (A00000000000000000000002 /* FFPNGTests.swift in Sources */, A00000000000000000000008 /* OutputPolicyTests.swift in Sources */, A00000000000000000000009 /* FileDiscoveryTests.swift in Sources */, A0000000000000000000000C /* CompressionQueueTests.swift in Sources */, A0000000000000000000000E /* OxipngCompressorTests.swift in Sources */, A00000000000000000000010 /* KeychainStoreTests.swift in Sources */, A00000000000000000000020 /* TinifyCompressorTests.swift in Sources */, B00000000000000000000001 /* PngquantCompressorTests.swift in Sources */, B00000000000000000000002 /* MozJPEGCompressorTests.swift in Sources */,); runOnlyForDeploymentPostprocessing = 0; };
		A00000000000000000000094 /* Sources */ = {isa = PBXSourcesBuildPhase; buildActionMask = 2147483647; files = (A00000000000000000000030 /* FFPNGUITests.swift in Sources */,); runOnlyForDeploymentPostprocessing = 0; };
/* End PBXSourcesBuildPhase section */

/* Begin PBXTargetDependency section */
		A000000000000000000000A1 /* PBXTargetDependency */ = {isa = PBXTargetDependency; target = A00000000000000000000051 /* FFPNG */; targetProxy = A00000000000000000000031 /* PBXContainerItemProxy */; };
		A000000000000000000000A2 /* PBXTargetDependency */ = {isa = PBXTargetDependency; target = A00000000000000000000051 /* FFPNG */; targetProxy = A00000000000000000000033 /* PBXContainerItemProxy */; };
/* End PBXTargetDependency section */

/* Begin XCBuildConfiguration section */
		A000000000000000000000B1 /* Debug */ = {isa = XCBuildConfiguration; buildSettings = { CLANG_CXX_LANGUAGE_STANDARD = "gnu++20"; CLANG_ENABLE_MODULES = YES; MACOSX_DEPLOYMENT_TARGET = 13.0; SWIFT_VERSION = 5.9; }; name = Debug; };
		A000000000000000000000B2 /* Release */ = {isa = XCBuildConfiguration; buildSettings = { CLANG_CXX_LANGUAGE_STANDARD = "gnu++20"; CLANG_ENABLE_MODULES = YES; MACOSX_DEPLOYMENT_TARGET = 13.0; SWIFT_VERSION = 5.9; }; name = Release; };
		A000000000000000000000B3 /* Debug */ = {isa = XCBuildConfiguration; buildSettings = { ASSETCATALOG_COMPILER_APPICON_NAME = ""; CODE_SIGN_STYLE = Automatic; COMBINE_HIDPI_IMAGES = YES; CURRENT_PROJECT_VERSION = 1; DEVELOPMENT_LANGUAGE = "zh-Hans"; DEVELOPMENT_TEAM = ""; ENABLE_HARDENED_RUNTIME = NO; ENABLE_TESTABILITY = YES; GENERATE_INFOPLIST_FILE = NO; INFOPLIST_FILE = FFPNG/Info.plist; LD_RUNPATH_SEARCH_PATHS = "$(inherited) @executable_path/../Frameworks"; MACOSX_DEPLOYMENT_TARGET = 13.0; MARKETING_VERSION = 1.0; PRODUCT_BUNDLE_IDENTIFIER = com.ffpng.app; PRODUCT_MODULE_NAME = FFPNG; PRODUCT_NAME = pngcut; SDKROOT = macosx; SWIFT_EMIT_LOC_STRINGS = YES; SWIFT_VERSION = 5.9; }; name = Debug; };
		A000000000000000000000B4 /* Release */ = {isa = XCBuildConfiguration; buildSettings = { ASSETCATALOG_COMPILER_APPICON_NAME = ""; CODE_SIGN_STYLE = Automatic; COMBINE_HIDPI_IMAGES = YES; CURRENT_PROJECT_VERSION = 1; DEVELOPMENT_LANGUAGE = "zh-Hans"; DEVELOPMENT_TEAM = ""; ENABLE_HARDENED_RUNTIME = NO; GENERATE_INFOPLIST_FILE = NO; INFOPLIST_FILE = FFPNG/Info.plist; LD_RUNPATH_SEARCH_PATHS = "$(inherited) @executable_path/../Frameworks"; MACOSX_DEPLOYMENT_TARGET = 13.0; MARKETING_VERSION = 1.0; PRODUCT_BUNDLE_IDENTIFIER = com.ffpng.app; PRODUCT_MODULE_NAME = FFPNG; PRODUCT_NAME = pngcut; SDKROOT = macosx; SWIFT_EMIT_LOC_STRINGS = YES; SWIFT_VERSION = 5.9; }; name = Release; };
		A000000000000000000000B5 /* Debug */ = {isa = XCBuildConfiguration; buildSettings = { BUNDLE_LOADER = "$(TEST_HOST)"; GENERATE_INFOPLIST_FILE = YES; LD_RUNPATH_SEARCH_PATHS = "$(inherited) @executable_path/../Frameworks @loader_path/../Frameworks"; MACOSX_DEPLOYMENT_TARGET = 13.0; PRODUCT_BUNDLE_IDENTIFIER = com.ffpng.app.tests; PRODUCT_NAME = "$(TARGET_NAME)"; SWIFT_VERSION = 5.9; TEST_HOST = "$(BUILT_PRODUCTS_DIR)/pngcut.app/Contents/MacOS/pngcut"; }; name = Debug; };
		A000000000000000000000B6 /* Release */ = {isa = XCBuildConfiguration; buildSettings = { BUNDLE_LOADER = "$(TEST_HOST)"; GENERATE_INFOPLIST_FILE = YES; LD_RUNPATH_SEARCH_PATHS = "$(inherited) @executable_path/../Frameworks @loader_path/../Frameworks"; MACOSX_DEPLOYMENT_TARGET = 13.0; PRODUCT_BUNDLE_IDENTIFIER = com.ffpng.app.tests; PRODUCT_NAME = "$(TARGET_NAME)"; SWIFT_VERSION = 5.9; TEST_HOST = "$(BUILT_PRODUCTS_DIR)/pngcut.app/Contents/MacOS/pngcut"; }; name = Release; };
		A000000000000000000000B7 /* Debug */ = {isa = XCBuildConfiguration; buildSettings = { GENERATE_INFOPLIST_FILE = YES; LD_RUNPATH_SEARCH_PATHS = "$(inherited) @executable_path/../Frameworks @loader_path/../Frameworks"; MACOSX_DEPLOYMENT_TARGET = 13.0; PRODUCT_BUNDLE_IDENTIFIER = com.ffpng.app.uitests; PRODUCT_NAME = "$(TARGET_NAME)"; SWIFT_VERSION = 5.9; TEST_TARGET_NAME = FFPNG; }; name = Debug; };
		A000000000000000000000B8 /* Release */ = {isa = XCBuildConfiguration; buildSettings = { GENERATE_INFOPLIST_FILE = YES; LD_RUNPATH_SEARCH_PATHS = "$(inherited) @executable_path/../Frameworks @loader_path/../Frameworks"; MACOSX_DEPLOYMENT_TARGET = 13.0; PRODUCT_BUNDLE_IDENTIFIER = com.ffpng.app.uitests; PRODUCT_NAME = "$(TARGET_NAME)"; SWIFT_VERSION = 5.9; TEST_TARGET_NAME = FFPNG; }; name = Release; };
/* End XCBuildConfiguration section */

/* Begin XCConfigurationList section */
		A00000000000000000000080 /* Build configuration list for PBXProject \"FFPNG\" */ = {isa = XCConfigurationList; buildConfigurations = (A000000000000000000000B1 /* Debug */, A000000000000000000000B2 /* Release */); defaultConfigurationIsVisible = 0; defaultConfigurationName = Release; };
		A00000000000000000000081 /* Build configuration list for PBXNativeTarget \"FFPNG\" */ = {isa = XCConfigurationList; buildConfigurations = (A000000000000000000000B3 /* Debug */, A000000000000000000000B4 /* Release */); defaultConfigurationIsVisible = 0; defaultConfigurationName = Release; };
		A00000000000000000000082 /* Build configuration list for PBXNativeTarget \"FFPNGTests\" */ = {isa = XCConfigurationList; buildConfigurations = (A000000000000000000000B5 /* Debug */, A000000000000000000000B6 /* Release */); defaultConfigurationIsVisible = 0; defaultConfigurationName = Release; };
		A00000000000000000000083 /* Build configuration list for PBXNativeTarget \"FFPNGUITests\" */ = {isa = XCConfigurationList; buildConfigurations = (A000000000000000000000B7 /* Debug */, A000000000000000000000B8 /* Release */); defaultConfigurationIsVisible = 0; defaultConfigurationName = Release; };
/* End XCConfigurationList section */
	};
	rootObject = A00000000000000000000041 /* Project object */;
}
