// !$*UTF8*$!
{
	archiveVersion = 1;
	classes = {};
	objectVersion = 56;
	objects = {

/* Begin PBXBuildFile section */
		A00000000000000000000001 /* PngCutApp.swift in Sources */ = {isa = PBXBuildFile; fileRef = A00000000000000000000011 /* PngCutApp.swift */; };
		A00000000000000000000004 /* AppModel.swift in Sources */ = {isa = PBXBuildFile; fileRef = A00000000000000000000013 /* AppModel.swift */; };
		A00000000000000000000005 /* OutputPolicy.swift in Sources */ = {isa = PBXBuildFile; fileRef = A00000000000000000000014 /* OutputPolicy.swift */; };
		A00000000000000000000006 /* CompressionTask.swift in Sources */ = {isa = PBXBuildFile; fileRef = A00000000000000000000015 /* CompressionTask.swift */; };
		A00000000000000000000007 /* FileDiscovery.swift in Sources */ = {isa = PBXBuildFile; fileRef = A00000000000000000000016 /* FileDiscovery.swift */; };
		A00000000000000000000002 /* PngCutTests.swift in Sources */ = {isa = PBXBuildFile; fileRef = A00000000000000000000012 /* PngCutTests.swift */; };
		A00000000000000000000008 /* OutputPolicyTests.swift in Sources */ = {isa = PBXBuildFile; fileRef = A00000000000000000000017 /* OutputPolicyTests.swift */; };
		A00000000000000000000009 /* FileDiscoveryTests.swift in Sources */ = {isa = PBXBuildFile; fileRef = A00000000000000000000018 /* FileDiscoveryTests.swift */; };
		A0000000000000000000000A /* ImageCompressor.swift in Sources */ = {isa = PBXBuildFile; fileRef = A00000000000000000000019 /* ImageCompressor.swift */; };
		A0000000000000000000000B /* CompressionQueue.swift in Sources */ = {isa = PBXBuildFile; fileRef = A0000000000000000000001A /* CompressionQueue.swift */; };
		A0000000000000000000000C /* CompressionQueueTests.swift in Sources */ = {isa = PBXBuildFile; fileRef = A0000000000000000000001B /* CompressionQueueTests.swift */; };
		A0000000000000000000000D /* OxipngCompressor.swift in Sources */ = {isa = PBXBuildFile; fileRef = A0000000000000000000001C /* OxipngCompressor.swift */; };
		A0000000000000000000000E /* OxipngCompressorTests.swift in Sources */ = {isa = PBXBuildFile; fileRef = A0000000000000000000001D /* OxipngCompressorTests.swift */; };
		A0000000000000000000000F /* oxipng in Resources */ = {isa = PBXBuildFile; fileRef = A0000000000000000000001E /* oxipng */; };
		A00000000000000000000028 /* MainWindowView.swift in Sources */ = {isa = PBXBuildFile; fileRef = A00000000000000000000029 /* MainWindowView.swift */; };
		A0000000000000000000002A /* SettingsDrawerView.swift in Sources */ = {isa = PBXBuildFile; fileRef = A0000000000000000000002B /* SettingsDrawerView.swift */; };
		A0000000000000000000002C /* TaskRowView.swift in Sources */ = {isa = PBXBuildFile; fileRef = A0000000000000000000002D /* TaskRowView.swift */; };
		A0000000000000000000002E /* Assets.xcassets in Resources */ = {isa = PBXBuildFile; fileRef = A0000000000000000000002F /* Assets.xcassets */; };
		A00000000000000000000030 /* PngCutUITests.swift in Sources */ = {isa = PBXBuildFile; fileRef = A00000000000000000000032 /* PngCutUITests.swift */; };
		A00000000000000000000035 /* AppIcon.icns in Resources */ = {isa = PBXBuildFile; fileRef = A00000000000000000000036 /* AppIcon.icns */; };
		A00000000000000000000003 /* PngCut.app in Frameworks */ = {isa = PBXBuildFile; fileRef = A00000000000000000000021 /* PngCut.app */; };
		B00000000000000000000001 /* PngquantCompressorTests.swift in Sources */ = {isa = PBXBuildFile; fileRef = B00000000000000000000011 /* PngquantCompressorTests.swift */; };
		B00000000000000000000002 /* MozJPEGCompressorTests.swift in Sources */ = {isa = PBXBuildFile; fileRef = B00000000000000000000012 /* MozJPEGCompressorTests.swift */; };
		B00000000000000000000003 /* PngquantCompressor.swift in Sources */ = {isa = PBXBuildFile; fileRef = B00000000000000000000013 /* PngquantCompressor.swift */; };
		B00000000000000000000004 /* MozJPEGCompressor.swift in Sources */ = {isa = PBXBuildFile; fileRef = B00000000000000000000014 /* MozJPEGCompressor.swift */; };
		B00000000000000000000005 /* pngquant in Resources */ = {isa = PBXBuildFile; fileRef = B00000000000000000000015 /* pngquant */; };
		B00000000000000000000006 /* mozjpeg in Resources */ = {isa = PBXBuildFile; fileRef = B00000000000000000000016 /* mozjpeg */; };
		C00000000000000000000001 /* SharedContractDocumentTests.swift in Sources */ = {isa = PBXBuildFile; fileRef = C00000000000000000000011 /* SharedContractDocumentTests.swift */; };
		C00000000000000000000002 /* SharedContractLoader.swift in Sources */ = {isa = PBXBuildFile; fileRef = C00000000000000000000012 /* SharedContractLoader.swift */; };
		C00000000000000000000003 /* SharedContractBehaviorTests.swift in Sources */ = {isa = PBXBuildFile; fileRef = C00000000000000000000014 /* SharedContractBehaviorTests.swift */; };
		C00000000000000000000004 /* FailureCatalogTests.swift in Sources */ = {isa = PBXBuildFile; fileRef = C00000000000000000000015 /* FailureCatalogTests.swift */; };
		C00000000000000000000005 /* FailureCatalog.swift in Sources */ = {isa = PBXBuildFile; fileRef = C00000000000000000000016 /* FailureCatalog.swift */; };
		D00000000000000000000001 /* GIFSettingsTests.swift in Sources */ = {isa = PBXBuildFile; fileRef = D00000000000000000000011 /* GIFSettingsTests.swift */; };
		D00000000000000000000002 /* PNGSequenceDetectorTests.swift in Sources */ = {isa = PBXBuildFile; fileRef = D00000000000000000000012 /* PNGSequenceDetectorTests.swift */; };
		D00000000000000000000003 /* GIFSettings.swift in Sources */ = {isa = PBXBuildFile; fileRef = D00000000000000000000013 /* GIFSettings.swift */; };
		D00000000000000000000004 /* PNGSequence.swift in Sources */ = {isa = PBXBuildFile; fileRef = D00000000000000000000014 /* PNGSequence.swift */; };
		D00000000000000000000005 /* PNGSequenceDetector.swift in Sources */ = {isa = PBXBuildFile; fileRef = D00000000000000000000015 /* PNGSequenceDetector.swift */; };
		E00000000000000000000001 /* GifsicleCompressorTests.swift in Sources */ = {isa = PBXBuildFile; fileRef = E00000000000000000000011 /* GifsicleCompressorTests.swift */; };
		E00000000000000000000002 /* GifskiSequenceEncoderTests.swift in Sources */ = {isa = PBXBuildFile; fileRef = E00000000000000000000012 /* GifskiSequenceEncoderTests.swift */; };
		E00000000000000000000003 /* GifsicleCompressor.swift in Sources */ = {isa = PBXBuildFile; fileRef = E00000000000000000000013 /* GifsicleCompressor.swift */; };
		E00000000000000000000004 /* GifskiSequenceEncoder.swift in Sources */ = {isa = PBXBuildFile; fileRef = E00000000000000000000014 /* GifskiSequenceEncoder.swift */; };
		E00000000000000000000005 /* gifsicle in Resources */ = {isa = PBXBuildFile; fileRef = E00000000000000000000015 /* gifsicle */; };
		E00000000000000000000006 /* gifski in Resources */ = {isa = PBXBuildFile; fileRef = E00000000000000000000016 /* gifski */; };
/* End PBXBuildFile section */

/* Begin PBXContainerItemProxy section */
		A00000000000000000000031 /* PBXContainerItemProxy */ = {
			isa = PBXContainerItemProxy;
			containerPortal = A00000000000000000000041 /* Project object */;
			proxyType = 1;
			remoteGlobalIDString = A00000000000000000000051;
			remoteInfo = PngCut;
		};
		A00000000000000000000033 /* PBXContainerItemProxy */ = {
			isa = PBXContainerItemProxy;
			containerPortal = A00000000000000000000041 /* Project object */;
			proxyType = 1;
			remoteGlobalIDString = A00000000000000000000051;
			remoteInfo = PngCut;
		};
/* End PBXContainerItemProxy section */

/* Begin PBXFileReference section */
		A00000000000000000000011 /* PngCutApp.swift */ = {isa = PBXFileReference; lastKnownFileType = sourcecode.swift; path = PngCutApp.swift; sourceTree = "<group>"; };
		A00000000000000000000012 /* PngCutTests.swift */ = {isa = PBXFileReference; lastKnownFileType = sourcecode.swift; path = PngCutTests.swift; sourceTree = "<group>"; };
		A00000000000000000000013 /* AppModel.swift */ = {isa = PBXFileReference; lastKnownFileType = sourcecode.swift; path = AppModel.swift; sourceTree = "<group>"; };
		A00000000000000000000014 /* OutputPolicy.swift */ = {isa = PBXFileReference; lastKnownFileType = sourcecode.swift; path = OutputPolicy.swift; sourceTree = "<group>"; };
		A00000000000000000000015 /* CompressionTask.swift */ = {isa = PBXFileReference; lastKnownFileType = sourcecode.swift; path = CompressionTask.swift; sourceTree = "<group>"; };
		A00000000000000000000016 /* FileDiscovery.swift */ = {isa = PBXFileReference; lastKnownFileType = sourcecode.swift; path = FileDiscovery.swift; sourceTree = "<group>"; };
		A00000000000000000000017 /* OutputPolicyTests.swift */ = {isa = PBXFileReference; lastKnownFileType = sourcecode.swift; path = OutputPolicyTests.swift; sourceTree = "<group>"; };
		A00000000000000000000018 /* FileDiscoveryTests.swift */ = {isa = PBXFileReference; lastKnownFileType = sourcecode.swift; path = FileDiscoveryTests.swift; sourceTree = "<group>"; };
		A00000000000000000000019 /* ImageCompressor.swift */ = {isa = PBXFileReference; lastKnownFileType = sourcecode.swift; path = ImageCompressor.swift; sourceTree = "<group>"; };
		A0000000000000000000001A /* CompressionQueue.swift */ = {isa = PBXFileReference; lastKnownFileType = sourcecode.swift; path = CompressionQueue.swift; sourceTree = "<group>"; };
		A0000000000000000000001B /* CompressionQueueTests.swift */ = {isa = PBXFileReference; lastKnownFileType = sourcecode.swift; path = CompressionQueueTests.swift; sourceTree = "<group>"; };
		A0000000000000000000001C /* OxipngCompressor.swift */ = {isa = PBXFileReference; lastKnownFileType = sourcecode.swift; path = OxipngCompressor.swift; sourceTree = "<group>"; };
		A0000000000000000000001D /* OxipngCompressorTests.swift */ = {isa = PBXFileReference; lastKnownFileType = sourcecode.swift; path = OxipngCompressorTests.swift; sourceTree = "<group>"; };
		A0000000000000000000001E /* oxipng */ = {isa = PBXFileReference; lastKnownFileType = folder; path = Resources/oxipng; sourceTree = "<group>"; };
		A00000000000000000000029 /* MainWindowView.swift */ = {isa = PBXFileReference; lastKnownFileType = sourcecode.swift; path = MainWindowView.swift; sourceTree = "<group>"; };
		A0000000000000000000002B /* SettingsDrawerView.swift */ = {isa = PBXFileReference; lastKnownFileType = sourcecode.swift; path = SettingsDrawerView.swift; sourceTree = "<group>"; };
		A0000000000000000000002D /* TaskRowView.swift */ = {isa = PBXFileReference; lastKnownFileType = sourcecode.swift; path = TaskRowView.swift; sourceTree = "<group>"; };
		A0000000000000000000002F /* Assets.xcassets */ = {isa = PBXFileReference; lastKnownFileType = folder.assetcatalog; path = Resources/Assets.xcassets; sourceTree = "<group>"; };
		A00000000000000000000032 /* PngCutUITests.swift */ = {isa = PBXFileReference; lastKnownFileType = sourcecode.swift; path = PngCutUITests.swift; sourceTree = "<group>"; };
		A00000000000000000000036 /* AppIcon.icns */ = {isa = PBXFileReference; lastKnownFileType = image.icns; path = Resources/AppIcon.icns; sourceTree = "<group>"; };
		E00000000000000000000011 /* GifsicleCompressorTests.swift */ = {isa = PBXFileReference; lastKnownFileType = sourcecode.swift; path = GifsicleCompressorTests.swift; sourceTree = "<group>"; };
		E00000000000000000000012 /* GifskiSequenceEncoderTests.swift */ = {isa = PBXFileReference; lastKnownFileType = sourcecode.swift; path = GifskiSequenceEncoderTests.swift; sourceTree = "<group>"; };
		E00000000000000000000013 /* GifsicleCompressor.swift */ = {isa = PBXFileReference; lastKnownFileType = sourcecode.swift; path = GifsicleCompressor.swift; sourceTree = "<group>"; };
		E00000000000000000000014 /* GifskiSequenceEncoder.swift */ = {isa = PBXFileReference; lastKnownFileType = sourcecode.swift; path = GifskiSequenceEncoder.swift; sourceTree = "<group>"; };
		E00000000000000000000015 /* gifsicle */ = {isa = PBXFileReference; lastKnownFileType = folder; path = Resources/gifsicle; sourceTree = "<group>"; };
		E00000000000000000000016 /* gifski */ = {isa = PBXFileReference; lastKnownFileType = folder; path = Resources/gifski; sourceTree = "<group>"; };
		A00000000000000000000021 /* PngCut.app */ = {isa = PBXFileReference; explicitFileType = wrapper.application; includeInIndex = 0; path = PngCut.app; sourceTree = BUILT_PRODUCTS_DIR; };
		A00000000000000000000022 /* PngCutTests.xctest */ = {isa = PBXFileReference; explicitFileType = wrapper.cfbundle; includeInIndex = 0; path = PngCutTests.xctest; sourceTree = BUILT_PRODUCTS_DIR; };
		A00000000000000000000034 /* PngCutUITests.xctest */ = {isa = PBXFileReference; explicitFileType = wrapper.cfbundle; includeInIndex = 0; path = PngCutUITests.xctest; sourceTree = BUILT_PRODUCTS_DIR; };
		B00000000000000000000011 /* PngquantCompressorTests.swift */ = {isa = PBXFileReference; lastKnownFileType = sourcecode.swift; path = PngquantCompressorTests.swift; sourceTree = "<group>"; };
		B00000000000000000000012 /* MozJPEGCompressorTests.swift */ = {isa = PBXFileReference; lastKnownFileType = sourcecode.swift; path = MozJPEGCompressorTests.swift; sourceTree = "<group>"; };
		B00000000000000000000013 /* PngquantCompressor.swift */ = {isa = PBXFileReference; lastKnownFileType = sourcecode.swift; path = PngquantCompressor.swift; sourceTree = "<group>"; };
		B00000000000000000000014 /* MozJPEGCompressor.swift */ = {isa = PBXFileReference; lastKnownFileType = sourcecode.swift; path = MozJPEGCompressor.swift; sourceTree = "<group>"; };
		B00000000000000000000015 /* pngquant */ = {isa = PBXFileReference; lastKnownFileType = folder; path = Resources/pngquant; sourceTree = "<group>"; };
		B00000000000000000000016 /* mozjpeg */ = {isa = PBXFileReference; lastKnownFileType = folder; path = Resources/mozjpeg; sourceTree = "<group>"; };
		C00000000000000000000011 /* SharedContractDocumentTests.swift */ = {isa = PBXFileReference; lastKnownFileType = sourcecode.swift; path = SharedContractDocumentTests.swift; sourceTree = "<group>"; };
		C00000000000000000000012 /* SharedContractLoader.swift */ = {isa = PBXFileReference; lastKnownFileType = sourcecode.swift; path = SharedContractLoader.swift; sourceTree = "<group>"; };
		C00000000000000000000014 /* SharedContractBehaviorTests.swift */ = {isa = PBXFileReference; lastKnownFileType = sourcecode.swift; path = SharedContractBehaviorTests.swift; sourceTree = "<group>"; };
		C00000000000000000000015 /* FailureCatalogTests.swift */ = {isa = PBXFileReference; lastKnownFileType = sourcecode.swift; path = FailureCatalogTests.swift; sourceTree = "<group>"; };
		C00000000000000000000016 /* FailureCatalog.swift */ = {isa = PBXFileReference; lastKnownFileType = sourcecode.swift; path = FailureCatalog.swift; sourceTree = "<group>"; };
		D00000000000000000000011 /* GIFSettingsTests.swift */ = {isa = PBXFileReference; lastKnownFileType = sourcecode.swift; path = GIFSettingsTests.swift; sourceTree = "<group>"; };
		D00000000000000000000012 /* PNGSequenceDetectorTests.swift */ = {isa = PBXFileReference; lastKnownFileType = sourcecode.swift; path = PNGSequenceDetectorTests.swift; sourceTree = "<group>"; };
		D00000000000000000000013 /* GIFSettings.swift */ = {isa = PBXFileReference; lastKnownFileType = sourcecode.swift; path = GIFSettings.swift; sourceTree = "<group>"; };
		D00000000000000000000014 /* PNGSequence.swift */ = {isa = PBXFileReference; lastKnownFileType = sourcecode.swift; path = PNGSequence.swift; sourceTree = "<group>"; };
		D00000000000000000000015 /* PNGSequenceDetector.swift */ = {isa = PBXFileReference; lastKnownFileType = sourcecode.swift; path = PNGSequenceDetector.swift; sourceTree = "<group>"; };
/* End PBXFileReference section */

/* Begin PBXFrameworksBuildPhase section */
		A00000000000000000000061 /* Frameworks */ = {isa = PBXFrameworksBuildPhase; buildActionMask = 2147483647; files = (); runOnlyForDeploymentPostprocessing = 0; };
		A00000000000000000000062 /* Frameworks */ = {isa = PBXFrameworksBuildPhase; buildActionMask = 2147483647; files = (A00000000000000000000003 /* PngCut.app in Frameworks */,); runOnlyForDeploymentPostprocessing = 0; };
		A00000000000000000000063 /* Frameworks */ = {isa = PBXFrameworksBuildPhase; buildActionMask = 2147483647; files = (); runOnlyForDeploymentPostprocessing = 0; };
/* End PBXFrameworksBuildPhase section */

/* Begin PBXResourcesBuildPhase section */
		A00000000000000000000093 /* Resources */ = {isa = PBXResourcesBuildPhase; buildActionMask = 2147483647; files = (A0000000000000000000000F /* oxipng in Resources */, B00000000000000000000005 /* pngquant in Resources */, B00000000000000000000006 /* mozjpeg in Resources */, E00000000000000000000005 /* gifsicle in Resources */, E00000000000000000000006 /* gifski in Resources */, A0000000000000000000002E /* Assets.xcassets in Resources */, A00000000000000000000035 /* AppIcon.icns in Resources */,); runOnlyForDeploymentPostprocessing = 0; };
/* End PBXResourcesBuildPhase section */

/* Begin PBXGroup section */
		A00000000000000000000071 = {
			isa = PBXGroup;
			children = (A00000000000000000000072 /* PngCut */, A00000000000000000000073 /* PngCutTests */, A00000000000000000000079 /* PngCutUITests */, A00000000000000000000074 /* Products */);
			sourceTree = "<group>";
		};
		A00000000000000000000072 /* PngCut */ = {isa = PBXGroup; children = (A00000000000000000000075 /* App */, A00000000000000000000076 /* Domain */, A00000000000000000000077 /* Services */, A00000000000000000000078 /* Views */, A0000000000000000000002F /* Assets.xcassets */, A0000000000000000000001E /* oxipng */, B00000000000000000000015 /* pngquant */, B00000000000000000000016 /* mozjpeg */, E00000000000000000000015 /* gifsicle */, E00000000000000000000016 /* gifski */, A00000000000000000000036 /* AppIcon.icns */,); path = PngCut; sourceTree = "<group>"; };
		A00000000000000000000073 /* PngCutTests */ = {isa = PBXGroup; children = (A00000000000000000000012 /* PngCutTests.swift */, A00000000000000000000017 /* OutputPolicyTests.swift */, A00000000000000000000018 /* FileDiscoveryTests.swift */, A0000000000000000000001B /* CompressionQueueTests.swift */, A0000000000000000000001D /* OxipngCompressorTests.swift */, B00000000000000000000011 /* PngquantCompressorTests.swift */, B00000000000000000000012 /* MozJPEGCompressorTests.swift */, C00000000000000000000011 /* SharedContractDocumentTests.swift */, C00000000000000000000014 /* SharedContractBehaviorTests.swift */, C00000000000000000000015 /* FailureCatalogTests.swift */, D00000000000000000000011 /* GIFSettingsTests.swift */, D00000000000000000000012 /* PNGSequenceDetectorTests.swift */, E00000000000000000000011 /* GifsicleCompressorTests.swift */, E00000000000000000000012 /* GifskiSequenceEncoderTests.swift */, C00000000000000000000013 /* Support */,); path = PngCutTests; sourceTree = "<group>"; };
		C00000000000000000000013 /* Support */ = {isa = PBXGroup; children = (C00000000000000000000012 /* SharedContractLoader.swift */,); path = Support; sourceTree = "<group>"; };
		A00000000000000000000074 /* Products */ = {isa = PBXGroup; children = (A00000000000000000000021 /* PngCut.app */, A00000000000000000000022 /* PngCutTests.xctest */, A00000000000000000000034 /* PngCutUITests.xctest */); name = Products; sourceTree = "<group>"; };
		A00000000000000000000075 /* App */ = {isa = PBXGroup; children = (A00000000000000000000011 /* PngCutApp.swift */, A00000000000000000000013 /* AppModel.swift */,); path = App; sourceTree = "<group>"; };
		A00000000000000000000076 /* Domain */ = {isa = PBXGroup; children = (A00000000000000000000014 /* OutputPolicy.swift */, A00000000000000000000015 /* CompressionTask.swift */, D00000000000000000000013 /* GIFSettings.swift */, D00000000000000000000014 /* PNGSequence.swift */,); path = Domain; sourceTree = "<group>"; };
		A00000000000000000000077 /* Services */ = {isa = PBXGroup; children = (A00000000000000000000016 /* FileDiscovery.swift */, A00000000000000000000019 /* ImageCompressor.swift */, A0000000000000000000001A /* CompressionQueue.swift */, A0000000000000000000001C /* OxipngCompressor.swift */, B00000000000000000000013 /* PngquantCompressor.swift */, B00000000000000000000014 /* MozJPEGCompressor.swift */, C00000000000000000000016 /* FailureCatalog.swift */, D00000000000000000000015 /* PNGSequenceDetector.swift */, E00000000000000000000013 /* GifsicleCompressor.swift */, E00000000000000000000014 /* GifskiSequenceEncoder.swift */,); path = Services; sourceTree = "<group>"; };
		A00000000000000000000078 /* Views */ = {isa = PBXGroup; children = (A00000000000000000000029 /* MainWindowView.swift */, A0000000000000000000002B /* SettingsDrawerView.swift */, A0000000000000000000002D /* TaskRowView.swift */,); path = Views; sourceTree = "<group>"; };
		A00000000000000000000079 /* PngCutUITests */ = {isa = PBXGroup; children = (A00000000000000000000032 /* PngCutUITests.swift */,); path = PngCutUITests; sourceTree = "<group>"; };
/* End PBXGroup section */

/* Begin PBXNativeTarget section */
		A00000000000000000000051 /* PngCut */ = {
			isa = PBXNativeTarget;
			buildConfigurationList = A00000000000000000000081 /* Build configuration list for PBXNativeTarget \"PngCut\" */;
			buildPhases = (A00000000000000000000061 /* Frameworks */, A00000000000000000000091 /* Sources */, A00000000000000000000093 /* Resources */);
			buildRules = ();
			dependencies = ();
			name = PngCut;
			productName = PngCut;
			productReference = A00000000000000000000021 /* PngCut.app */;
			productType = "com.apple.product-type.application";
		};
		A00000000000000000000052 /* PngCutTests */ = {
			isa = PBXNativeTarget;
			buildConfigurationList = A00000000000000000000082 /* Build configuration list for PBXNativeTarget \"PngCutTests\" */;
			buildPhases = (A00000000000000000000062 /* Frameworks */, A00000000000000000000092 /* Sources */);
			buildRules = ();
			dependencies = (A000000000000000000000A1 /* PBXTargetDependency */);
			name = PngCutTests;
			productName = PngCutTests;
			productReference = A00000000000000000000022 /* PngCutTests.xctest */;
			productType = "com.apple.product-type.bundle.unit-test";
		};
		A00000000000000000000053 /* PngCutUITests */ = {
			isa = PBXNativeTarget;
			buildConfigurationList = A00000000000000000000083 /* Build configuration list for PBXNativeTarget "PngCutUITests" */;
			buildPhases = (A00000000000000000000063 /* Frameworks */, A00000000000000000000094 /* Sources */);
			buildRules = ();
			dependencies = (A000000000000000000000A2 /* PBXTargetDependency */);
			name = PngCutUITests;
			productName = PngCutUITests;
			productReference = A00000000000000000000034 /* PngCutUITests.xctest */;
			productType = "com.apple.product-type.bundle.ui-testing";
		};
/* End PBXNativeTarget section */

/* Begin PBXProject section */
		A00000000000000000000041 /* Project object */ = {
			isa = PBXProject;
			attributes = { BuildIndependentTargetsInParallel = YES; LastSwiftUpdateCheck = 1520; LastUpgradeCheck = 1520; TargetAttributes = { A00000000000000000000051 = { CreatedOnToolsVersion = 15.2; }; A00000000000000000000052 = { CreatedOnToolsVersion = 15.2; TestTargetID = A00000000000000000000051; }; A00000000000000000000053 = { CreatedOnToolsVersion = 15.2; TestTargetID = A00000000000000000000051; }; }; };
			buildConfigurationList = A00000000000000000000080 /* Build configuration list for PBXProject \"PngCut\" */;
			compatibilityVersion = "Xcode 14.0";
			developmentRegion = en;
			hasScannedForEncodings = 0;
			knownRegions = (en, Base);
			mainGroup = A00000000000000000000071;
			productRefGroup = A00000000000000000000074 /* Products */;
			projectDirPath = "";
			projectRoot = "";
			targets = (A00000000000000000000051 /* PngCut */, A00000000000000000000052 /* PngCutTests */, A00000000000000000000053 /* PngCutUITests */);
		};
/* End PBXProject section */

/* Begin PBXSourcesBuildPhase section */
		A00000000000000000000091 /* Sources */ = {isa = PBXSourcesBuildPhase; buildActionMask = 2147483647; files = (A00000000000000000000001 /* PngCutApp.swift in Sources */, A00000000000000000000004 /* AppModel.swift in Sources */, A00000000000000000000005 /* OutputPolicy.swift in Sources */, A00000000000000000000006 /* CompressionTask.swift in Sources */, A00000000000000000000007 /* FileDiscovery.swift in Sources */, A0000000000000000000000A /* ImageCompressor.swift in Sources */, A0000000000000000000000B /* CompressionQueue.swift in Sources */, A0000000000000000000000D /* OxipngCompressor.swift in Sources */, B00000000000000000000003 /* PngquantCompressor.swift in Sources */, B00000000000000000000004 /* MozJPEGCompressor.swift in Sources */, C00000000000000000000005 /* FailureCatalog.swift in Sources */, D00000000000000000000003 /* GIFSettings.swift in Sources */, D00000000000000000000004 /* PNGSequence.swift in Sources */, D00000000000000000000005 /* PNGSequenceDetector.swift in Sources */, E00000000000000000000003 /* GifsicleCompressor.swift in Sources */, E00000000000000000000004 /* GifskiSequenceEncoder.swift in Sources */, A00000000000000000000028 /* MainWindowView.swift in Sources */, A0000000000000000000002A /* SettingsDrawerView.swift in Sources */, A0000000000000000000002C /* TaskRowView.swift in Sources */,); runOnlyForDeploymentPostprocessing = 0; };
		A00000000000000000000092 /* Sources */ = {isa = PBXSourcesBuildPhase; buildActionMask = 2147483647; files = (A00000000000000000000002 /* PngCutTests.swift in Sources */, A00000000000000000000008 /* OutputPolicyTests.swift in Sources */, A00000000000000000000009 /* FileDiscoveryTests.swift in Sources */, A0000000000000000000000C /* CompressionQueueTests.swift in Sources */, A0000000000000000000000E /* OxipngCompressorTests.swift in Sources */, B00000000000000000000001 /* PngquantCompressorTests.swift in Sources */, B00000000000000000000002 /* MozJPEGCompressorTests.swift in Sources */, C00000000000000000000001 /* SharedContractDocumentTests.swift in Sources */, C00000000000000000000002 /* SharedContractLoader.swift in Sources */, C00000000000000000000003 /* SharedContractBehaviorTests.swift in Sources */, C00000000000000000000004 /* FailureCatalogTests.swift in Sources */, D00000000000000000000001 /* GIFSettingsTests.swift in Sources */, D00000000000000000000002 /* PNGSequenceDetectorTests.swift in Sources */, E00000000000000000000001 /* GifsicleCompressorTests.swift in Sources */, E00000000000000000000002 /* GifskiSequenceEncoderTests.swift in Sources */,); runOnlyForDeploymentPostprocessing = 0; };
		A00000000000000000000094 /* Sources */ = {isa = PBXSourcesBuildPhase; buildActionMask = 2147483647; files = (A00000000000000000000030 /* PngCutUITests.swift in Sources */,); runOnlyForDeploymentPostprocessing = 0; };
/* End PBXSourcesBuildPhase section */

/* Begin PBXTargetDependency section */
		A000000000000000000000A1 /* PBXTargetDependency */ = {isa = PBXTargetDependency; target = A00000000000000000000051 /* PngCut */; targetProxy = A00000000000000000000031 /* PBXContainerItemProxy */; };
		A000000000000000000000A2 /* PBXTargetDependency */ = {isa = PBXTargetDependency; target = A00000000000000000000051 /* PngCut */; targetProxy = A00000000000000000000033 /* PBXContainerItemProxy */; };
/* End PBXTargetDependency section */

/* Begin XCBuildConfiguration section */
		A000000000000000000000B1 /* Debug */ = {isa = XCBuildConfiguration; buildSettings = { CLANG_CXX_LANGUAGE_STANDARD = "gnu++20"; CLANG_ENABLE_MODULES = YES; MACOSX_DEPLOYMENT_TARGET = 13.0; SWIFT_VERSION = 5.9; }; name = Debug; };
		A000000000000000000000B2 /* Release */ = {isa = XCBuildConfiguration; buildSettings = { CLANG_CXX_LANGUAGE_STANDARD = "gnu++20"; CLANG_ENABLE_MODULES = YES; MACOSX_DEPLOYMENT_TARGET = 13.0; SWIFT_VERSION = 5.9; }; name = Release; };
		A000000000000000000000B3 /* Debug */ = {isa = XCBuildConfiguration; buildSettings = { ASSETCATALOG_COMPILER_APPICON_NAME = ""; CODE_SIGN_STYLE = Automatic; COMBINE_HIDPI_IMAGES = YES; CURRENT_PROJECT_VERSION = 1; DEVELOPMENT_LANGUAGE = "zh-Hans"; DEVELOPMENT_TEAM = ""; ENABLE_HARDENED_RUNTIME = NO; ENABLE_TESTABILITY = YES; GENERATE_INFOPLIST_FILE = NO; INFOPLIST_FILE = PngCut/Info.plist; LD_RUNPATH_SEARCH_PATHS = "$(inherited) @executable_path/../Frameworks"; MACOSX_DEPLOYMENT_TARGET = 13.0; MARKETING_VERSION = 1.0.0; PRODUCT_BUNDLE_IDENTIFIER = com.pngcut.app; PRODUCT_MODULE_NAME = PngCut; PRODUCT_NAME = pngcut; SDKROOT = macosx; SWIFT_EMIT_LOC_STRINGS = YES; SWIFT_VERSION = 5.9; }; name = Debug; };
		A000000000000000000000B4 /* Release */ = {isa = XCBuildConfiguration; buildSettings = { ASSETCATALOG_COMPILER_APPICON_NAME = ""; CODE_SIGN_STYLE = Automatic; COMBINE_HIDPI_IMAGES = YES; CURRENT_PROJECT_VERSION = 1; DEVELOPMENT_LANGUAGE = "zh-Hans"; DEVELOPMENT_TEAM = ""; ENABLE_HARDENED_RUNTIME = NO; GENERATE_INFOPLIST_FILE = NO; INFOPLIST_FILE = PngCut/Info.plist; LD_RUNPATH_SEARCH_PATHS = "$(inherited) @executable_path/../Frameworks"; MACOSX_DEPLOYMENT_TARGET = 13.0; MARKETING_VERSION = 1.0.0; PRODUCT_BUNDLE_IDENTIFIER = com.pngcut.app; PRODUCT_MODULE_NAME = PngCut; PRODUCT_NAME = pngcut; SDKROOT = macosx; SWIFT_EMIT_LOC_STRINGS = YES; SWIFT_VERSION = 5.9; }; name = Release; };
		A000000000000000000000B5 /* Debug */ = {isa = XCBuildConfiguration; buildSettings = { BUNDLE_LOADER = "$(TEST_HOST)"; GENERATE_INFOPLIST_FILE = YES; LD_RUNPATH_SEARCH_PATHS = "$(inherited) @executable_path/../Frameworks @loader_path/../Frameworks"; MACOSX_DEPLOYMENT_TARGET = 13.0; PRODUCT_BUNDLE_IDENTIFIER = com.pngcut.app.tests; PRODUCT_NAME = "$(TARGET_NAME)"; SWIFT_VERSION = 5.9; TEST_HOST = "$(BUILT_PRODUCTS_DIR)/pngcut.app/Contents/MacOS/pngcut"; }; name = Debug; };
		A000000000000000000000B6 /* Release */ = {isa = XCBuildConfiguration; buildSettings = { BUNDLE_LOADER = "$(TEST_HOST)"; GENERATE_INFOPLIST_FILE = YES; LD_RUNPATH_SEARCH_PATHS = "$(inherited) @executable_path/../Frameworks @loader_path/../Frameworks"; MACOSX_DEPLOYMENT_TARGET = 13.0; PRODUCT_BUNDLE_IDENTIFIER = com.pngcut.app.tests; PRODUCT_NAME = "$(TARGET_NAME)"; SWIFT_VERSION = 5.9; TEST_HOST = "$(BUILT_PRODUCTS_DIR)/pngcut.app/Contents/MacOS/pngcut"; }; name = Release; };
		A000000000000000000000B7 /* Debug */ = {isa = XCBuildConfiguration; buildSettings = { GENERATE_INFOPLIST_FILE = YES; LD_RUNPATH_SEARCH_PATHS = "$(inherited) @executable_path/../Frameworks @loader_path/../Frameworks"; MACOSX_DEPLOYMENT_TARGET = 13.0; PRODUCT_BUNDLE_IDENTIFIER = com.pngcut.app.uitests; PRODUCT_NAME = "$(TARGET_NAME)"; SWIFT_VERSION = 5.9; TEST_TARGET_NAME = PngCut; }; name = Debug; };
		A000000000000000000000B8 /* Release */ = {isa = XCBuildConfiguration; buildSettings = { GENERATE_INFOPLIST_FILE = YES; LD_RUNPATH_SEARCH_PATHS = "$(inherited) @executable_path/../Frameworks @loader_path/../Frameworks"; MACOSX_DEPLOYMENT_TARGET = 13.0; PRODUCT_BUNDLE_IDENTIFIER = com.pngcut.app.uitests; PRODUCT_NAME = "$(TARGET_NAME)"; SWIFT_VERSION = 5.9; TEST_TARGET_NAME = PngCut; }; name = Release; };
/* End XCBuildConfiguration section */

/* Begin XCConfigurationList section */
		A00000000000000000000080 /* Build configuration list for PBXProject \"PngCut\" */ = {isa = XCConfigurationList; buildConfigurations = (A000000000000000000000B1 /* Debug */, A000000000000000000000B2 /* Release */); defaultConfigurationIsVisible = 0; defaultConfigurationName = Release; };
		A00000000000000000000081 /* Build configuration list for PBXNativeTarget \"PngCut\" */ = {isa = XCConfigurationList; buildConfigurations = (A000000000000000000000B3 /* Debug */, A000000000000000000000B4 /* Release */); defaultConfigurationIsVisible = 0; defaultConfigurationName = Release; };
		A00000000000000000000082 /* Build configuration list for PBXNativeTarget \"PngCutTests\" */ = {isa = XCConfigurationList; buildConfigurations = (A000000000000000000000B5 /* Debug */, A000000000000000000000B6 /* Release */); defaultConfigurationIsVisible = 0; defaultConfigurationName = Release; };
		A00000000000000000000083 /* Build configuration list for PBXNativeTarget \"PngCutUITests\" */ = {isa = XCConfigurationList; buildConfigurations = (A000000000000000000000B7 /* Debug */, A000000000000000000000B8 /* Release */); defaultConfigurationIsVisible = 0; defaultConfigurationName = Release; };
/* End XCConfigurationList section */
	};
	rootObject = A00000000000000000000041 /* Project object */;
}
